
Microsoft Visual Studio Solution File, Format Version 12.00
# Visual Studio 15
VisualStudioVersion = 15.0.27703.2026
MinimumVisualStudioVersion = 10.0.40219.1
Project("{FAE04EC0-301F-11D3-BF4B-00C04F79EFBC}") = "AttackImprovementMod", "AttackImprovementMod\AttackImprovementMod.csproj", "{02C8AB19-160A-474F-9135-5C72B38CE1B8}"
EndProject
Global
	GlobalSection(SolutionConfigurationPlatforms) = preSolution
		Debug|Any CPU = Debug|Any CPU
		Release|Any CPU = Release|Any CPU
	EndGlobalSection
	GlobalSection(ProjectConfigurationPlatforms) = postSolution
		{02C8AB19-160A-474F-9135-5C72B38CE1B8}.Debug|Any CPU.ActiveCfg = Debug|Any CPU
		{02C8AB19-160A-474F-9135-5C72B38CE1B8}.Debug|Any CPU.Build.0 = Debug|Any CPU
		{02C8AB19-160A-474F-9135-5C72B38CE1B8}.Release|Any CPU.ActiveCfg = Release|Any CPU
		{02C8AB19-160A-474F-9135-5C72B38CE1B8}.Release|Any CPU.Build.0 = Release|Any CPU
	EndGlobalSection
	GlobalSection(SolutionProperties) = preSolution
		HideSolutionNode = FALSE
	EndGlobalSection
	GlobalSection(ExtensibilityGlobals) = postSolution
		SolutionGuid = {F9E7A2A1-21AC-4158-A336-996596E538AE}
	EndGlobalSection
EndGlobal
